
Microsoft Visual Studio Solution File, Format Version 12.00
# Visual Studio Version 16
VisualStudioVersion = 16.0.29025.244
MinimumVisualStudioVersion = 10.0.40219.1
Project("{FAE04EC0-301F-11D3-BF4B-00C04F79EFBC}") = "자리배치", "자리배치\자리배치.csproj", "{F6F4AC31-2EB6-494F-A8F4-2FA422EF351A}"
EndProject
Global
	GlobalSection(SolutionConfigurationPlatforms) = preSolution
		Debug|Any CPU = Debug|Any CPU
		Release|Any CPU = Release|Any CPU
	EndGlobalSection
	GlobalSection(ProjectConfigurationPlatforms) = postSolution
		{F6F4AC31-2EB6-494F-A8F4-2FA422EF351A}.Debug|Any CPU.ActiveCfg = Debug|Any CPU
		{F6F4AC31-2EB6-494F-A8F4-2FA422EF351A}.Debug|Any CPU.Build.0 = Debug|Any CPU
		{F6F4AC31-2EB6-494F-A8F4-2FA422EF351A}.Release|Any CPU.ActiveCfg = Release|Any CPU
		{F6F4AC31-2EB6-494F-A8F4-2FA422EF351A}.Release|Any CPU.Build.0 = Release|Any CPU
	EndGlobalSection
	GlobalSection(SolutionProperties) = preSolution
		HideSolutionNode = FALSE
	EndGlobalSection
	GlobalSection(ExtensibilityGlobals) = postSolution
		SolutionGuid = {42F1248F-90C8-40FD-AFD5-4D146A0EDA4E}
	EndGlobalSection
EndGlobal
